
Microsoft Visual Studio Solution File, Format Version 12.00
# Visual Studio Version 16
VisualStudioVersion = 16.0.30611.23
MinimumVisualStudioVersion = 10.0.40219.1
Project("{FAE04EC0-301F-11D3-BF4B-00C04F79EFBC}") = "2ndTask", "2ndTask.csproj", "{5CE12D77-3607-405D-9031-28B54412BA1A}"
EndProject
Global
	GlobalSection(SolutionConfigurationPlatforms) = preSolution
		Debug|Any CPU = Debug|Any CPU
		Release|Any CPU = Release|Any CPU
	EndGlobalSection
	GlobalSection(ProjectConfigurationPlatforms) = postSolution
		{5CE12D77-3607-405D-9031-28B54412BA1A}.Debug|Any CPU.ActiveCfg = Debug|Any CPU
		{5CE12D77-3607-405D-9031-28B54412BA1A}.Debug|Any CPU.Build.0 = Debug|Any CPU
		{5CE12D77-3607-405D-9031-28B54412BA1A}.Release|Any CPU.ActiveCfg = Release|Any CPU
		{5CE12D77-3607-405D-9031-28B54412BA1A}.Release|Any CPU.Build.0 = Release|Any CPU
	EndGlobalSection
	GlobalSection(SolutionProperties) = preSolution
		HideSolutionNode = FALSE
	EndGlobalSection
	GlobalSection(ExtensibilityGlobals) = postSolution
		SolutionGuid = {197F734C-151D-4F6C-A959-66FF8AB982AA}
	EndGlobalSection
EndGlobal
